// !$*UTF8*$!
{
	archiveVersion = 1;
	classes = {
	};
	objectVersion = 46;
	objects = {

/* Begin PBXBuildFile section */
		DA20BA251D87D7C1005F48A0 /* main.m in Sources */ = {isa = PBXBuildFile; fileRef = DA20BA241D87D7C1005F48A0 /* main.m */; };
		DA20BA281D87D7C1005F48A0 /* AppDelegate.m in Sources */ = {isa = PBXBuildFile; fileRef = DA20BA271D87D7C1005F48A0 /* AppDelegate.m */; };
		DA20BA2B1D87D7C1005F48A0 /* ViewController.m in Sources */ = {isa = PBXBuildFile; fileRef = DA20BA2A1D87D7C1005F48A0 /* ViewController.m */; };
		DA20BA2E1D87D7C1005F48A0 /* Main.storyboard in Resources */ = {isa = PBXBuildFile; fileRef = DA20BA2C1D87D7C1005F48A0 /* Main.storyboard */; };
		DA20BA301D87D7C1005F48A0 /* Assets.xcassets in Resources */ = {isa = PBXBuildFile; fileRef = DA20BA2F1D87D7C1005F48A0 /* Assets.xcassets */; };
		DA20BA331D87D7C1005F48A0 /* LaunchScreen.storyboard in Resources */ = {isa = PBXBuildFile; fileRef = DA20BA311D87D7C1005F48A0 /* LaunchScreen.storyboard */; };
		DA20BA3E1D87D7C1005F48A0 /* jPushTests.m in Sources */ = {isa = PBXBuildFile; fileRef = DA20BA3D1D87D7C1005F48A0 /* jPushTests.m */; };
		DA20BA491D87D7C1005F48A0 /* jPushUITests.m in Sources */ = {isa = PBXBuildFile; fileRef = DA20BA481D87D7C1005F48A0 /* jPushUITests.m */; };
		DA20BA791D87DA3A005F48A0 /* CFNetwork.framework in Frameworks */ = {isa = PBXBuildFile; fileRef = DA20BA561D87D7EC005F48A0 /* CFNetwork.framework */; };
		DA20BA7A1D87DA45005F48A0 /* CoreFoundation.framework in Frameworks */ = {isa = PBXBuildFile; fileRef = DA20BA581D87D7F7005F48A0 /* CoreFoundation.framework */; };
		DA20BA7B1D87DA51005F48A0 /* CoreTelephony.framework in Frameworks */ = {isa = PBXBuildFile; fileRef = DA20BA5A1D87D804005F48A0 /* CoreTelephony.framework */; };
		DA20BA7C1D87DA5E005F48A0 /* SystemConfiguration.framework in Frameworks */ = {isa = PBXBuildFile; fileRef = DA20BA5C1D87D817005F48A0 /* SystemConfiguration.framework */; };
		DA20BA7D1D87DA66005F48A0 /* Security.framework in Frameworks */ = {isa = PBXBuildFile; fileRef = DA20BA641D87D857005F48A0 /* Security.framework */; };
		DA20BA7E1D87DA71005F48A0 /* libz.tbd in Frameworks */ = {isa = PBXBuildFile; fileRef = DA20BA661D87D869005F48A0 /* libz.tbd */; };
		DA225BB01D87E3680041E343 /* AppDelegate+JPush.m in Sources */ = {isa = PBXBuildFile; fileRef = DA225BA81D87E3680041E343 /* AppDelegate+JPush.m */; };
		DA225BB11D87E3680041E343 /* CoreJPush.m in Sources */ = {isa = PBXBuildFile; fileRef = DA225BAC1D87E3680041E343 /* CoreJPush.m */; };
		DA225BB21D87E3680041E343 /* jpush-ios-2.1.6.a in Frameworks */ = {isa = PBXBuildFile; fileRef = DA225BAE1D87E3680041E343 /* jpush-ios-2.1.6.a */; };
/* End PBXBuildFile section */

/* Begin PBXContainerItemProxy section */
		DA20BA3A1D87D7C1005F48A0 /* PBXContainerItemProxy */ = {
			isa = PBXContainerItemProxy;
			containerPortal = DA20BA181D87D7C1005F48A0 /* Project object */;
			proxyType = 1;
			remoteGlobalIDString = DA20BA1F1D87D7C1005F48A0;
			remoteInfo = jPush;
		};
		DA20BA451D87D7C1005F48A0 /* PBXContainerItemProxy */ = {
			isa = PBXContainerItemProxy;
			containerPortal = DA20BA181D87D7C1005F48A0 /* Project object */;
			proxyType = 1;
			remoteGlobalIDString = DA20BA1F1D87D7C1005F48A0;
			remoteInfo = jPush;
		};
/* End PBXContainerItemProxy section */

/* Begin PBXFileReference section */
		DA20BA201D87D7C1005F48A0 /* jPush.app */ = {isa = PBXFileReference; explicitFileType = wrapper.application; includeInIndex = 0; path = jPush.app; sourceTree = BUILT_PRODUCTS_DIR; };
		DA20BA241D87D7C1005F48A0 /* main.m */ = {isa = PBXFileReference; lastKnownFileType = sourcecode.c.objc; path = main.m; sourceTree = "<group>"; };
		DA20BA261D87D7C1005F48A0 /* AppDelegate.h */ = {isa = PBXFileReference; lastKnownFileType = sourcecode.c.h; path = AppDelegate.h; sourceTree = "<group>"; };
		DA20BA271D87D7C1005F48A0 /* AppDelegate.m */ = {isa = PBXFileReference; lastKnownFileType = sourcecode.c.objc; path = AppDelegate.m; sourceTree = "<group>"; };
		DA20BA291D87D7C1005F48A0 /* ViewController.h */ = {isa = PBXFileReference; lastKnownFileType = sourcecode.c.h; path = ViewController.h; sourceTree = "<group>"; };
		DA20BA2A1D87D7C1005F48A0 /* ViewController.m */ = {isa = PBXFileReference; lastKnownFileType = sourcecode.c.objc; path = ViewController.m; sourceTree = "<group>"; };
		DA20BA2D1D87D7C1005F48A0 /* Base */ = {isa = PBXFileReference; lastKnownFileType = file.storyboard; name = Base; path = Base.lproj/Main.storyboard; sourceTree = "<group>"; };
		DA20BA2F1D87D7C1005F48A0 /* Assets.xcassets */ = {isa = PBXFileReference; lastKnownFileType = folder.assetcatalog; path = Assets.xcassets; sourceTree = "<group>"; };
		DA20BA321D87D7C1005F48A0 /* Base */ = {isa = PBXFileReference; lastKnownFileType = file.storyboard; name = Base; path = Base.lproj/LaunchScreen.storyboard; sourceTree = "<group>"; };
		DA20BA341D87D7C1005F48A0 /* Info.plist */ = {isa = PBXFileReference; lastKnownFileType = text.plist.xml; path = Info.plist; sourceTree = "<group>"; };
		DA20BA391D87D7C1005F48A0 /* jPushTests.xctest */ = {isa = PBXFileReference; explicitFileType = wrapper.cfbundle; includeInIndex = 0; path = jPushTests.xctest; sourceTree = BUILT_PRODUCTS_DIR; };
		DA20BA3D1D87D7C1005F48A0 /* jPushTests.m */ = {isa = PBXFileReference; lastKnownFileType = sourcecode.c.objc; path = jPushTests.m; sourceTree = "<group>"; };
		DA20BA3F1D87D7C1005F48A0 /* Info.plist */ = {isa = PBXFileReference; lastKnownFileType = text.plist.xml; path = Info.plist; sourceTree = "<group>"; };
		DA20BA441D87D7C1005F48A0 /* jPushUITests.xctest */ = {isa = PBXFileReference; explicitFileType = wrapper.cfbundle; includeInIndex = 0; path = jPushUITests.xctest; sourceTree = BUILT_PRODUCTS_DIR; };
		DA20BA481D87D7C1005F48A0 /* jPushUITests.m */ = {isa = PBXFileReference; lastKnownFileType = sourcecode.c.objc; path = jPushUITests.m; sourceTree = "<group>"; };
		DA20BA4A1D87D7C1005F48A0 /* Info.plist */ = {isa = PBXFileReference; lastKnownFileType = text.plist.xml; path = Info.plist; sourceTree = "<group>"; };
		DA20BA561D87D7EC005F48A0 /* CFNetwork.framework */ = {isa = PBXFileReference; lastKnownFileType = wrapper.framework; name = CFNetwork.framework; path = System/Library/Frameworks/CFNetwork.framework; sourceTree = SDKROOT; };
		DA20BA581D87D7F7005F48A0 /* CoreFoundation.framework */ = {isa = PBXFileReference; lastKnownFileType = wrapper.framework; name = CoreFoundation.framework; path = System/Library/Frameworks/CoreFoundation.framework; sourceTree = SDKROOT; };
		DA20BA5A1D87D804005F48A0 /* CoreTelephony.framework */ = {isa = PBXFileReference; lastKnownFileType = wrapper.framework; name = CoreTelephony.framework; path = System/Library/Frameworks/CoreTelephony.framework; sourceTree = SDKROOT; };
		DA20BA5C1D87D817005F48A0 /* SystemConfiguration.framework */ = {isa = PBXFileReference; lastKnownFileType = wrapper.framework; name = SystemConfiguration.framework; path = System/Library/Frameworks/SystemConfiguration.framework; sourceTree = SDKROOT; };
		DA20BA5E1D87D829005F48A0 /* CoreGraphics.framework */ = {isa = PBXFileReference; lastKnownFileType = wrapper.framework; name = CoreGraphics.framework; path = System/Library/Frameworks/CoreGraphics.framework; sourceTree = SDKROOT; };
		DA20BA601D87D835005F48A0 /* Foundation.framework */ = {isa = PBXFileReference; lastKnownFileType = wrapper.framework; name = Foundation.framework; path = System/Library/Frameworks/Foundation.framework; sourceTree = SDKROOT; };
		DA20BA641D87D857005F48A0 /* Security.framework */ = {isa = PBXFileReference; lastKnownFileType = wrapper.framework; name = Security.framework; path = System/Library/Frameworks/Security.framework; sourceTree = SDKROOT; };
		DA20BA661D87D869005F48A0 /* libz.tbd */ = {isa = PBXFileReference; lastKnownFileType = "sourcecode.text-based-dylib-definition"; name = libz.tbd; path = usr/lib/libz.tbd; sourceTree = SDKROOT; };
		DA225BA71D87E3680041E343 /* AppDelegate+JPush.h */ = {isa = PBXFileReference; fileEncoding = 4; lastKnownFileType = sourcecode.c.h; path = "AppDelegate+JPush.h"; sourceTree = "<group>"; };
		DA225BA81D87E3680041E343 /* AppDelegate+JPush.m */ = {isa = PBXFileReference; fileEncoding = 4; lastKnownFileType = sourcecode.c.objc; path = "AppDelegate+JPush.m"; sourceTree = "<group>"; };
		DA225BA91D87E3680041E343 /* CoreJPushProtocol.h */ = {isa = PBXFileReference; fileEncoding = 4; lastKnownFileType = sourcecode.c.h; path = CoreJPushProtocol.h; sourceTree = "<group>"; };
		DA225BAA1D87E3680041E343 /* CoreJPushSingleton.h */ = {isa = PBXFileReference; fileEncoding = 4; lastKnownFileType = sourcecode.c.h; path = CoreJPushSingleton.h; sourceTree = "<group>"; };
		DA225BAB1D87E3680041E343 /* CoreJPush.h */ = {isa = PBXFileReference; fileEncoding = 4; lastKnownFileType = sourcecode.c.h; path = CoreJPush.h; sourceTree = "<group>"; };
		DA225BAC1D87E3680041E343 /* CoreJPush.m */ = {isa = PBXFileReference; fileEncoding = 4; lastKnownFileType = sourcecode.c.objc; path = CoreJPush.m; sourceTree = "<group>"; };
		DA225BAE1D87E3680041E343 /* jpush-ios-2.1.6.a */ = {isa = PBXFileReference; lastKnownFileType = archive.ar; path = "jpush-ios-2.1.6.a"; sourceTree = "<group>"; };
		DA225BAF1D87E3680041E343 /* JPUSHService.h */ = {isa = PBXFileReference; fileEncoding = 4; lastKnownFileType = sourcecode.c.h; path = JPUSHService.h; sourceTree = "<group>"; };
/* End PBXFileReference section */

/* Begin PBXFrameworksBuildPhase section */
		DA20BA1D1D87D7C1005F48A0 /* Frameworks */ = {
			isa = PBXFrameworksBuildPhase;
			buildActionMask = 2147483647;
			files = (
				DA20BA7E1D87DA71005F48A0 /* libz.tbd in Frameworks */,
				DA225BB21D87E3680041E343 /* jpush-ios-2.1.6.a in Frameworks */,
				DA20BA7D1D87DA66005F48A0 /* Security.framework in Frameworks */,
				DA20BA7C1D87DA5E005F48A0 /* SystemConfiguration.framework in Frameworks */,
				DA20BA7B1D87DA51005F48A0 /* CoreTelephony.framework in Frameworks */,
				DA20BA7A1D87DA45005F48A0 /* CoreFoundation.framework in Frameworks */,
				DA20BA791D87DA3A005F48A0 /* CFNetwork.framework in Frameworks */,
			);
			runOnlyForDeploymentPostprocessing = 0;
		};
		DA20BA361D87D7C1005F48A0 /* Frameworks */ = {
			isa = PBXFrameworksBuildPhase;
			buildActionMask = 2147483647;
			files = (
			);
			runOnlyForDeploymentPostprocessing = 0;
		};
		DA20BA411D87D7C1005F48A0 /* Frameworks */ = {
			isa = PBXFrameworksBuildPhase;
			buildActionMask = 2147483647;
			files = (
			);
			runOnlyForDeploymentPostprocessing = 0;
		};
/* End PBXFrameworksBuildPhase section */

/* Begin PBXGroup section */
		DA20BA171D87D7C1005F48A0 = {
			isa = PBXGroup;
			children = (
				DA225BA51D87E3680041E343 /* CoreJPush */,
				DA20BA781D87D9F4005F48A0 /* FrameWork */,
				DA20BA221D87D7C1005F48A0 /* jPush */,
				DA20BA3C1D87D7C1005F48A0 /* jPushTests */,
				DA20BA471D87D7C1005F48A0 /* jPushUITests */,
				DA20BA211D87D7C1005F48A0 /* Products */,
			);
			sourceTree = "<group>";
		};
		DA20BA211D87D7C1005F48A0 /* Products */ = {
			isa = PBXGroup;
			children = (
				DA20BA201D87D7C1005F48A0 /* jPush.app */,
				DA20BA391D87D7C1005F48A0 /* jPushTests.xctest */,
				DA20BA441D87D7C1005F48A0 /* jPushUITests.xctest */,
			);
			name = Products;
			sourceTree = "<group>";
		};
		DA20BA221D87D7C1005F48A0 /* jPush */ = {
			isa = PBXGroup;
			children = (
				DA20BA261D87D7C1005F48A0 /* AppDelegate.h */,
				DA20BA271D87D7C1005F48A0 /* AppDelegate.m */,
				DA20BA291D87D7C1005F48A0 /* ViewController.h */,
				DA20BA2A1D87D7C1005F48A0 /* ViewController.m */,
				DA20BA2C1D87D7C1005F48A0 /* Main.storyboard */,
				DA20BA2F1D87D7C1005F48A0 /* Assets.xcassets */,
				DA20BA311D87D7C1005F48A0 /* LaunchScreen.storyboard */,
				DA20BA341D87D7C1005F48A0 /* Info.plist */,
				DA20BA231D87D7C1005F48A0 /* Supporting Files */,
			);
			path = jPush;
			sourceTree = "<group>";
		};
		DA20BA231D87D7C1005F48A0 /* Supporting Files */ = {
			isa = PBXGroup;
			children = (
				DA20BA241D87D7C1005F48A0 /* main.m */,
			);
			name = "Supporting Files";
			sourceTree = "<group>";
		};
		DA20BA3C1D87D7C1005F48A0 /* jPushTests */ = {
			isa = PBXGroup;
			children = (
				DA20BA3D1D87D7C1005F48A0 /* jPushTests.m */,
				DA20BA3F1D87D7C1005F48A0 /* Info.plist */,
			);
			path = jPushTests;
			sourceTree = "<group>";
		};
		DA20BA471D87D7C1005F48A0 /* jPushUITests */ = {
			isa = PBXGroup;
			children = (
				DA20BA481D87D7C1005F48A0 /* jPushUITests.m */,
				DA20BA4A1D87D7C1005F48A0 /* Info.plist */,
			);
			path = jPushUITests;
			sourceTree = "<group>";
		};
		DA20BA781D87D9F4005F48A0 /* FrameWork */ = {
			isa = PBXGroup;
			children = (
				DA20BA661D87D869005F48A0 /* libz.tbd */,
				DA20BA641D87D857005F48A0 /* Security.framework */,
				DA20BA601D87D835005F48A0 /* Foundation.framework */,
				DA20BA5E1D87D829005F48A0 /* CoreGraphics.framework */,
				DA20BA5C1D87D817005F48A0 /* SystemConfiguration.framework */,
				DA20BA5A1D87D804005F48A0 /* CoreTelephony.framework */,
				DA20BA581D87D7F7005F48A0 /* CoreFoundation.framework */,
				DA20BA561D87D7EC005F48A0 /* CFNetwork.framework */,
			);
			name = FrameWork;
			sourceTree = "<group>";
		};
		DA225BA51D87E3680041E343 /* CoreJPush */ = {
			isa = PBXGroup;
			children = (
				DA225BA61D87E3680041E343 /* Common */,
				DA225BAB1D87E3680041E343 /* CoreJPush.h */,
				DA225BAC1D87E3680041E343 /* CoreJPush.m */,
				DA225BAD1D87E3680041E343 /* Lib */,
			);
			name = CoreJPush;
			path = jPush/CoreJPush;
			sourceTree = "<group>";
		};
		DA225BA61D87E3680041E343 /* Common */ = {
			isa = PBXGroup;
			children = (
				DA225BA71D87E3680041E343 /* AppDelegate+JPush.h */,
				DA225BA81D87E3680041E343 /* AppDelegate+JPush.m */,
				DA225BA91D87E3680041E343 /* CoreJPushProtocol.h */,
				DA225BAA1D87E3680041E343 /* CoreJPushSingleton.h */,
			);
			path = Common;
			sourceTree = "<group>";
		};
		DA225BAD1D87E3680041E343 /* Lib */ = {
			isa = PBXGroup;
			children = (
				DA225BAE1D87E3680041E343 /* jpush-ios-2.1.6.a */,
				DA225BAF1D87E3680041E343 /* JPUSHService.h */,
			);
			path = Lib;
			sourceTree = "<group>";
		};
/* End PBXGroup section */

/* Begin PBXNativeTarget section */
		DA20BA1F1D87D7C1005F48A0 /* jPush */ = {
			isa = PBXNativeTarget;
			buildConfigurationList = DA20BA4D1D87D7C1005F48A0 /* Build configuration list for PBXNativeTarget "jPush" */;
			buildPhases = (
				DA20BA1C1D87D7C1005F48A0 /* Sources */,
				DA20BA1D1D87D7C1005F48A0 /* Frameworks */,
				DA20BA1E1D87D7C1005F48A0 /* Resources */,
			);
			buildRules = (
			);
			dependencies = (
			);
			name = jPush;
			productName = jPush;
			productReference = DA20BA201D87D7C1005F48A0 /* jPush.app */;
			productType = "com.apple.product-type.application";
		};
		DA20BA381D87D7C1005F48A0 /* jPushTests */ = {
			isa = PBXNativeTarget;
			buildConfigurationList = DA20BA501D87D7C1005F48A0 /* Build configuration list for PBXNativeTarget "jPushTests" */;
			buildPhases = (
				DA20BA351D87D7C1005F48A0 /* Sources */,
				DA20BA361D87D7C1005F48A0 /* Frameworks */,
				DA20BA371D87D7C1005F48A0 /* Resources */,
			);
			buildRules = (
			);
			dependencies = (
				DA20BA3B1D87D7C1005F48A0 /* PBXTargetDependency */,
			);
			name = jPushTests;
			productName = jPushTests;
			productReference = DA20BA391D87D7C1005F48A0 /* jPushTests.xctest */;
			productType = "com.apple.product-type.bundle.unit-test";
		};
		DA20BA431D87D7C1005F48A0 /* jPushUITests */ = {
			isa = PBXNativeTarget;
			buildConfigurationList = DA20BA531D87D7C1005F48A0 /* Build configuration list for PBXNativeTarget "jPushUITests" */;
			buildPhases = (
				DA20BA401D87D7C1005F48A0 /* Sources */,
				DA20BA411D87D7C1005F48A0 /* Frameworks */,
				DA20BA421D87D7C1005F48A0 /* Resources */,
			);
			buildRules = (
			);
			dependencies = (
				DA20BA461D87D7C1005F48A0 /* PBXTargetDependency */,
			);
			name = jPushUITests;
			productName = jPushUITests;
			productReference = DA20BA441D87D7C1005F48A0 /* jPushUITests.xctest */;
			productType = "com.apple.product-type.bundle.ui-testing";
		};
/* End PBXNativeTarget section */

/* Begin PBXProject section */
		DA20BA181D87D7C1005F48A0 /* Project object */ = {
			isa = PBXProject;
			attributes = {
				LastUpgradeCheck = 0720;
				ORGANIZATIONNAME = "jun-object-c";
				TargetAttributes = {
					DA20BA1F1D87D7C1005F48A0 = {
						CreatedOnToolsVersion = 7.2;
					};
					DA20BA381D87D7C1005F48A0 = {
						CreatedOnToolsVersion = 7.2;
						TestTargetID = DA20BA1F1D87D7C1005F48A0;
					};
					DA20BA431D87D7C1005F48A0 = {
						CreatedOnToolsVersion = 7.2;
						TestTargetID = DA20BA1F1D87D7C1005F48A0;
					};
				};
			};
			buildConfigurationList = DA20BA1B1D87D7C1005F48A0 /* Build configuration list for PBXProject "jPush" */;
			compatibilityVersion = "Xcode 3.2";
			developmentRegion = English;
			hasScannedForEncodings = 0;
			knownRegions = (
				en,
				Base,
			);
			mainGroup = DA20BA171D87D7C1005F48A0;
			productRefGroup = DA20BA211D87D7C1005F48A0 /* Products */;
			projectDirPath = "";
			projectRoot = "";
			targets = (
				DA20BA1F1D87D7C1005F48A0 /* jPush */,
				DA20BA381D87D7C1005F48A0 /* jPushTests */,
				DA20BA431D87D7C1005F48A0 /* jPushUITests */,
			);
		};
/* End PBXProject section */

/* Begin PBXResourcesBuildPhase section */
		DA20BA1E1D87D7C1005F48A0 /* Resources */ = {
			isa = PBXResourcesBuildPhase;
			buildActionMask = 2147483647;
			files = (
				DA20BA331D87D7C1005F48A0 /* LaunchScreen.storyboard in Resources */,
				DA20BA301D87D7C1005F48A0 /* Assets.xcassets in Resources */,
				DA20BA2E1D87D7C1005F48A0 /* Main.storyboard in Resources */,
			);
			runOnlyForDeploymentPostprocessing = 0;
		};
		DA20BA371D87D7C1005F48A0 /* Resources */ = {
			isa = PBXResourcesBuildPhase;
			buildActionMask = 2147483647;
			files = (
			);
			runOnlyForDeploymentPostprocessing = 0;
		};
		DA20BA421D87D7C1005F48A0 /* Resources */ = {
			isa = PBXResourcesBuildPhase;
			buildActionMask = 2147483647;
			files = (
			);
			runOnlyForDeploymentPostprocessing = 0;
		};
/* End PBXResourcesBuildPhase section */

/* Begin PBXSourcesBuildPhase section */
		DA20BA1C1D87D7C1005F48A0 /* Sources */ = {
			isa = PBXSourcesBuildPhase;
			buildActionMask = 2147483647;
			files = (
				DA225BB11D87E3680041E343 /* CoreJPush.m in Sources */,
				DA20BA2B1D87D7C1005F48A0 /* ViewController.m in Sources */,
				DA20BA281D87D7C1005F48A0 /* AppDelegate.m in Sources */,
				DA20BA251D87D7C1005F48A0 /* main.m in Sources */,
				DA225BB01D87E3680041E343 /* AppDelegate+JPush.m in Sources */,
			);
			runOnlyForDeploymentPostprocessing = 0;
		};
		DA20BA351D87D7C1005F48A0 /* Sources */ = {
			isa = PBXSourcesBuildPhase;
			buildActionMask = 2147483647;
			files = (
				DA20BA3E1D87D7C1005F48A0 /* jPushTests.m in Sources */,
			);
			runOnlyForDeploymentPostprocessing = 0;
		};
		DA20BA401D87D7C1005F48A0 /* Sources */ = {
			isa = PBXSourcesBuildPhase;
			buildActionMask = 2147483647;
			files = (
				DA20BA491D87D7C1005F48A0 /* jPushUITests.m in Sources */,
			);
			runOnlyForDeploymentPostprocessing = 0;
		};
/* End PBXSourcesBuildPhase section */

/* Begin PBXTargetDependency section */
		DA20BA3B1D87D7C1005F48A0 /* PBXTargetDependency */ = {
			isa = PBXTargetDependency;
			target = DA20BA1F1D87D7C1005F48A0 /* jPush */;
			targetProxy = DA20BA3A1D87D7C1005F48A0 /* PBXContainerItemProxy */;
		};
		DA20BA461D87D7C1005F48A0 /* PBXTargetDependency */ = {
			isa = PBXTargetDependency;
			target = DA20BA1F1D87D7C1005F48A0 /* jPush */;
			targetProxy = DA20BA451D87D7C1005F48A0 /* PBXContainerItemProxy */;
		};
/* End PBXTargetDependency section */

/* Begin PBXVariantGroup section */
		DA20BA2C1D87D7C1005F48A0 /* Main.storyboard */ = {
			isa = PBXVariantGroup;
			children = (
				DA20BA2D1D87D7C1005F48A0 /* Base */,
			);
			name = Main.storyboard;
			sourceTree = "<group>";
		};
		DA20BA311D87D7C1005F48A0 /* LaunchScreen.storyboard */ = {
			isa = PBXVariantGroup;
			children = (
				DA20BA321D87D7C1005F48A0 /* Base */,
			);
			name = LaunchScreen.storyboard;
			sourceTree = "<group>";
		};
/* End PBXVariantGroup section */

/* Begin XCBuildConfiguration section */
		DA20BA4B1D87D7C1005F48A0 /* Debug */ = {
			isa = XCBuildConfiguration;
			buildSettings = {
				ALWAYS_SEARCH_USER_PATHS = NO;
				CLANG_CXX_LANGUAGE_STANDARD = "gnu++0x";
				CLANG_CXX_LIBRARY = "libc++";
				CLANG_ENABLE_MODULES = YES;
				CLANG_ENABLE_OBJC_ARC = YES;
				CLANG_WARN_BOOL_CONVERSION = YES;
				CLANG_WARN_CONSTANT_CONVERSION = YES;
				CLANG_WARN_DIRECT_OBJC_ISA_USAGE = YES_ERROR;
				CLANG_WARN_EMPTY_BODY = YES;
				CLANG_WARN_ENUM_CONVERSION = YES;
				CLANG_WARN_INT_CONVERSION = YES;
				CLANG_WARN_OBJC_ROOT_CLASS = YES_ERROR;
				CLANG_WARN_UNREACHABLE_CODE = YES;
				CLANG_WARN__DUPLICATE_METHOD_MATCH = YES;
				"CODE_SIGN_IDENTITY[sdk=iphoneos*]" = "iPhone Developer";
				COPY_PHASE_STRIP = NO;
				DEBUG_INFORMATION_FORMAT = dwarf;
				ENABLE_STRICT_OBJC_MSGSEND = YES;
				ENABLE_TESTABILITY = YES;
				GCC_C_LANGUAGE_STANDARD = gnu99;
				GCC_DYNAMIC_NO_PIC = NO;
				GCC_NO_COMMON_BLOCKS = YES;
				GCC_OPTIMIZATION_LEVEL = 0;
				GCC_PREPROCESSOR_DEFINITIONS = (
					"DEBUG=1",
					"$(inherited)",
				);
				GCC_WARN_64_TO_32_BIT_CONVERSION = YES;
				GCC_WARN_ABOUT_RETURN_TYPE = YES_ERROR;
				GCC_WARN_UNDECLARED_SELECTOR = YES;
				GCC_WARN_UNINITIALIZED_AUTOS = YES_AGGRESSIVE;
				GCC_WARN_UNUSED_FUNCTION = YES;
				GCC_WARN_UNUSED_VARIABLE = YES;
				IPHONEOS_DEPLOYMENT_TARGET = 9.2;
				MTL_ENABLE_DEBUG_INFO = YES;
				ONLY_ACTIVE_ARCH = YES;
				SDKROOT = iphoneos;
				TARGETED_DEVICE_FAMILY = "1,2";
			};
			name = Debug;
		};
		DA20BA4C1D87D7C1005F48A0 /* Release */ = {
			isa = XCBuildConfiguration;
			buildSettings = {
				ALWAYS_SEARCH_USER_PATHS = NO;
				CLANG_CXX_LANGUAGE_STANDARD = "gnu++0x";
				CLANG_CXX_LIBRARY = "libc++";
				CLANG_ENABLE_MODULES = YES;
				CLANG_ENABLE_OBJC_ARC = YES;
				CLANG_WARN_BOOL_CONVERSION = YES;
				CLANG_WARN_CONSTANT_CONVERSION = YES;
				CLANG_WARN_DIRECT_OBJC_ISA_USAGE = YES_ERROR;
				CLANG_WARN_EMPTY_BODY = YES;
				CLANG_WARN_ENUM_CONVERSION = YES;
				CLANG_WARN_INT_CONVERSION = YES;
				CLANG_WARN_OBJC_ROOT_CLASS = YES_ERROR;
				CLANG_WARN_UNREACHABLE_CODE = YES;
				CLANG_WARN__DUPLICATE_METHOD_MATCH = YES;
				"CODE_SIGN_IDENTITY[sdk=iphoneos*]" = "iPhone Developer";
				COPY_PHASE_STRIP = NO;
				DEBUG_INFORMATION_FORMAT = "dwarf-with-dsym";
				ENABLE_NS_ASSERTIONS = NO;
				ENABLE_STRICT_OBJC_MSGSEND = YES;
				GCC_C_LANGUAGE_STANDARD = gnu99;
				GCC_NO_COMMON_BLOCKS = YES;
				GCC_WARN_64_TO_32_BIT_CONVERSION = YES;
				GCC_WARN_ABOUT_RETURN_TYPE = YES_ERROR;
				GCC_WARN_UNDECLARED_SELECTOR = YES;
				GCC_WARN_UNINITIALIZED_AUTOS = YES_AGGRESSIVE;
				GCC_WARN_UNUSED_FUNCTION = YES;
				GCC_WARN_UNUSED_VARIABLE = YES;
				IPHONEOS_DEPLOYMENT_TARGET = 9.2;
				MTL_ENABLE_DEBUG_INFO = NO;
				SDKROOT = iphoneos;
				TARGETED_DEVICE_FAMILY = "1,2";
				VALIDATE_PRODUCT = YES;
			};
			name = Release;
		};
		DA20BA4E1D87D7C1005F48A0 /* Debug */ = {
			isa = XCBuildConfiguration;
			buildSettings = {
				ASSETCATALOG_COMPILER_APPICON_NAME = AppIcon;
				ENABLE_BITCODE = NO;
				INFOPLIST_FILE = jPush/Info.plist;
				LD_RUNPATH_SEARCH_PATHS = "$(inherited) @executable_path/Frameworks";
				LIBRARY_SEARCH_PATHS = (
					"$(inherited)",
					/Applications/Xcode.app/Contents/Developer/Toolchains/XcodeDefault.xctoolchain/usr/include,
					"$(PROJECT_DIR)/jPush/CoreJPush/Lib",
				);
				PRODUCT_BUNDLE_IDENTIFIER = toYangToSimple.jPush;
				PRODUCT_NAME = "$(TARGET_NAME)";
				USER_HEADER_SEARCH_PATHS = "$(inherited) $(PROJECT_DIR)/CoreJPush/Lib /Applications/Xcode.app/Contents/Developer/Toolchains/XcodeDefault.xctoolchain/usr/include";
			};
			name = Debug;
		};
		DA20BA4F1D87D7C1005F48A0 /* Release */ = {
			isa = XCBuildConfiguration;
			buildSettings = {
				ASSETCATALOG_COMPILER_APPICON_NAME = AppIcon;
				ENABLE_BITCODE = NO;
				INFOPLIST_FILE = jPush/Info.plist;
				LD_RUNPATH_SEARCH_PATHS = "$(inherited) @executable_path/Frameworks";
				LIBRARY_SEARCH_PATHS = (
					"$(inherited)",
					/Applications/Xcode.app/Contents/Developer/Toolchains/XcodeDefault.xctoolchain/usr/include,
					"$(PROJECT_DIR)/jPush/CoreJPush/Lib",
				);
				PRODUCT_BUNDLE_IDENTIFIER = toYangToSimple.jPush;
				PRODUCT_NAME = "$(TARGET_NAME)";
				USER_HEADER_SEARCH_PATHS = "$(inherited) $(PROJECT_DIR)/CoreJPush/Lib /Applications/Xcode.app/Contents/Developer/Toolchains/XcodeDefault.xctoolchain/usr/include";
			};
			name = Release;
		};
		DA20BA511D87D7C1005F48A0 /* Debug */ = {
			isa = XCBuildConfiguration;
			buildSettings = {
				BUNDLE_LOADER = "$(TEST_HOST)";
				INFOPLIST_FILE = jPushTests/Info.plist;
				LD_RUNPATH_SEARCH_PATHS = "$(inherited) @executable_path/Frameworks @loader_path/Frameworks";
				PRODUCT_BUNDLE_IDENTIFIER = toYangToSimple.jPushTests;
				PRODUCT_NAME = "$(TARGET_NAME)";
				TEST_HOST = "$(BUILT_PRODUCTS_DIR)/jPush.app/jPush";
			};
			name = Debug;
		};
		DA20BA521D87D7C1005F48A0 /* Release */ = {
			isa = XCBuildConfiguration;
			buildSettings = {
				BUNDLE_LOADER = "$(TEST_HOST)";
				INFOPLIST_FILE = jPushTests/Info.plist;
				LD_RUNPATH_SEARCH_PATHS = "$(inherited) @executable_path/Frameworks @loader_path/Frameworks";
				PRODUCT_BUNDLE_IDENTIFIER = toYangToSimple.jPushTests;
				PRODUCT_NAME = "$(TARGET_NAME)";
				TEST_HOST = "$(BUILT_PRODUCTS_DIR)/jPush.app/jPush";
			};
			name = Release;
		};
		DA20BA541D87D7C1005F48A0 /* Debug */ = {
			isa = XCBuildConfiguration;
			buildSettings = {
				INFOPLIST_FILE = jPushUITests/Info.plist;
				LD_RUNPATH_SEARCH_PATHS = "$(inherited) @executable_path/Frameworks @loader_path/Frameworks";
				PRODUCT_BUNDLE_IDENTIFIER = toYangToSimple.jPushUITests;
				PRODUCT_NAME = "$(TARGET_NAME)";
				TEST_TARGET_NAME = jPush;
				USES_XCTRUNNER = YES;
			};
			name = Debug;
		};
		DA20BA551D87D7C1005F48A0 /* Release */ = {
			isa = XCBuildConfiguration;
			buildSettings = {
				INFOPLIST_FILE = jPushUITests/Info.plist;
				LD_RUNPATH_SEARCH_PATHS = "$(inherited) @executable_path/Frameworks @loader_path/Frameworks";
				PRODUCT_BUNDLE_IDENTIFIER = toYangToSimple.jPushUITests;
				PRODUCT_NAME = "$(TARGET_NAME)";
				TEST_TARGET_NAME = jPush;
				USES_XCTRUNNER = YES;
			};
			name = Release;
		};
/* End XCBuildConfiguration section */

/* Begin XCConfigurationList section */
		DA20BA1B1D87D7C1005F48A0 /* Build configuration list for PBXProject "jPush" */ = {
			isa = XCConfigurationList;
			buildConfigurations = (
				DA20BA4B1D87D7C1005F48A0 /* Debug */,
				DA20BA4C1D87D7C1005F48A0 /* Release */,
			);
			defaultConfigurationIsVisible = 0;
			defaultConfigurationName = Release;
		};
		DA20BA4D1D87D7C1005F48A0 /* Build configuration list for PBXNativeTarget "jPush" */ = {
			isa = XCConfigurationList;
			buildConfigurations = (
				DA20BA4E1D87D7C1005F48A0 /* Debug */,
				DA20BA4F1D87D7C1005F48A0 /* Release */,
			);
			defaultConfigurationIsVisible = 0;
			defaultConfigurationName = Release;
		};
		DA20BA501D87D7C1005F48A0 /* Build configuration list for PBXNativeTarget "jPushTests" */ = {
			isa = XCConfigurationList;
			buildConfigurations = (
				DA20BA511D87D7C1005F48A0 /* Debug */,
				DA20BA521D87D7C1005F48A0 /* Release */,
			);
			defaultConfigurationIsVisible = 0;
			defaultConfigurationName = Release;
		};
		DA20BA531D87D7C1005F48A0 /* Build configuration list for PBXNativeTarget "jPushUITests" */ = {
			isa = XCConfigurationList;
			buildConfigurations = (
				DA20BA541D87D7C1005F48A0 /* Debug */,
				DA20BA551D87D7C1005F48A0 /* Release */,
			);
			defaultConfigurationIsVisible = 0;
			defaultConfigurationName = Release;
		};
/* End XCConfigurationList section */
	};
	rootObject = DA20BA181D87D7C1005F48A0 /* Project object */;
}
